
Microsoft Visual Studio Solution File, Format Version 11.00
# Visual Basic Express 2010
Project("{F184B08F-C81C-45F6-A57F-5ABD9991F28F}") = "PS5000a", "PS5000a.vbproj", "{92C16F8D-89AB-4D24-82AA-CD578BF86C99}"
EndProject
Global
	GlobalSection(SolutionConfigurationPlatforms) = preSolution
		Debug|x86 = Debug|x86
		Release|x86 = Release|x86
	EndGlobalSection
	GlobalSection(ProjectConfigurationPlatforms) = postSolution
		{92C16F8D-89AB-4D24-82AA-CD578BF86C99}.Debug|x86.ActiveCfg = Debug|x86
		{92C16F8D-89AB-4D24-82AA-CD578BF86C99}.Debug|x86.Build.0 = Debug|x86
		{92C16F8D-89AB-4D24-82AA-CD578BF86C99}.Release|x86.ActiveCfg = Release|x86
		{92C16F8D-89AB-4D24-82AA-CD578BF86C99}.Release|x86.Build.0 = Release|x86
	EndGlobalSection
	GlobalSection(SolutionProperties) = preSolution
		HideSolutionNode = FALSE
	EndGlobalSection
EndGlobal
