
Microsoft Visual Studio Solution File, Format Version 11.00
# Visual C# Express 2010
Project("{FAE04EC0-301F-11D3-BF4B-00C04F79EFBC}") = "PS4000AStreamingConsole", "PS4000AStreamingConsole\PS4000AStreamingConsole.csproj", "{B0E6F544-8904-4503-80B5-134E9C8D45AC}"
EndProject
Project("{FAE04EC0-301F-11D3-BF4B-00C04F79EFBC}") = "PS4000aBlockCaptureGui", "PS4000aBlockCaptureGui\PS4000aBlockCaptureGui.csproj", "{94D3A62F-1ABF-49D5-A1B8-27451F0610C0}"
EndProject
Project("{FAE04EC0-301F-11D3-BF4B-00C04F79EFBC}") = "PS4000aSigGen", "PS4000aSigGen\PS4000aSigGen.csproj", "{793E38DD-D2B9-4798-A33B-9894A68F7ED9}"
EndProject
Global
	GlobalSection(SolutionConfigurationPlatforms) = preSolution
		Debug|Any CPU = Debug|Any CPU
		Debug|x86 = Debug|x86
		Release|Any CPU = Release|Any CPU
		Release|x86 = Release|x86
	EndGlobalSection
	GlobalSection(ProjectConfigurationPlatforms) = postSolution
		{B0E6F544-8904-4503-80B5-134E9C8D45AC}.Debug|Any CPU.ActiveCfg = Debug|Any CPU
		{B0E6F544-8904-4503-80B5-134E9C8D45AC}.Debug|Any CPU.Build.0 = Debug|Any CPU
		{B0E6F544-8904-4503-80B5-134E9C8D45AC}.Debug|x86.ActiveCfg = Debug|Any CPU
		{B0E6F544-8904-4503-80B5-134E9C8D45AC}.Release|Any CPU.ActiveCfg = Release|Any CPU
		{B0E6F544-8904-4503-80B5-134E9C8D45AC}.Release|Any CPU.Build.0 = Release|Any CPU
		{B0E6F544-8904-4503-80B5-134E9C8D45AC}.Release|x86.ActiveCfg = Release|Any CPU
		{94D3A62F-1ABF-49D5-A1B8-27451F0610C0}.Debug|Any CPU.ActiveCfg = Debug|Any CPU
		{94D3A62F-1ABF-49D5-A1B8-27451F0610C0}.Debug|Any CPU.Build.0 = Debug|Any CPU
		{94D3A62F-1ABF-49D5-A1B8-27451F0610C0}.Debug|x86.ActiveCfg = Debug|Any CPU
		{94D3A62F-1ABF-49D5-A1B8-27451F0610C0}.Release|Any CPU.ActiveCfg = Release|Any CPU
		{94D3A62F-1ABF-49D5-A1B8-27451F0610C0}.Release|Any CPU.Build.0 = Release|Any CPU
		{94D3A62F-1ABF-49D5-A1B8-27451F0610C0}.Release|x86.ActiveCfg = Release|Any CPU
		{793E38DD-D2B9-4798-A33B-9894A68F7ED9}.Debug|Any CPU.ActiveCfg = Debug|Any CPU
		{793E38DD-D2B9-4798-A33B-9894A68F7ED9}.Debug|Any CPU.Build.0 = Debug|Any CPU
		{793E38DD-D2B9-4798-A33B-9894A68F7ED9}.Debug|x86.ActiveCfg = Debug|x86
		{793E38DD-D2B9-4798-A33B-9894A68F7ED9}.Debug|x86.Build.0 = Debug|x86
		{793E38DD-D2B9-4798-A33B-9894A68F7ED9}.Release|Any CPU.ActiveCfg = Release|Any CPU
		{793E38DD-D2B9-4798-A33B-9894A68F7ED9}.Release|Any CPU.Build.0 = Release|Any CPU
		{793E38DD-D2B9-4798-A33B-9894A68F7ED9}.Release|x86.ActiveCfg = Release|x86
		{793E38DD-D2B9-4798-A33B-9894A68F7ED9}.Release|x86.Build.0 = Release|x86
	EndGlobalSection
	GlobalSection(SolutionProperties) = preSolution
		HideSolutionNode = FALSE
	EndGlobalSection
EndGlobal
