
Microsoft Visual Studio Solution File, Format Version 11.00
# Visual Studio 2010
Project("{B84094F7-F318-4778-BE2B-F2C984A0F7C1}") = "ps6000con", "ps6000con.vcxproj", "{4514685F-75EF-47C1-95B1-7A77A45CACBE}"
EndProject
Global
	GlobalSection(SolutionConfigurationPlatforms) = preSolution
		Debug|Win32 = Debug|Win32
		Debug|x64 = Debug|x64
		Release|Win32 = Release|Win32
		Release|x64 = Release|x64
	EndGlobalSection
	GlobalSection(ProjectConfigurationPlatforms) = postSolution
		{4514685F-75EF-47C1-95B1-7A77A45CACBE}.Debug|Win32.ActiveCfg = Debug|Win32
		{4514685F-75EF-47C1-95B1-7A77A45CACBE}.Debug|Win32.Build.0 = Debug|Win32
		{4514685F-75EF-47C1-95B1-7A77A45CACBE}.Debug|x64.ActiveCfg = Debug|x64
		{4514685F-75EF-47C1-95B1-7A77A45CACBE}.Debug|x64.Build.0 = Debug|x64
		{4514685F-75EF-47C1-95B1-7A77A45CACBE}.Release|Win32.ActiveCfg = Release|Win32
		{4514685F-75EF-47C1-95B1-7A77A45CACBE}.Release|Win32.Build.0 = Release|Win32
		{4514685F-75EF-47C1-95B1-7A77A45CACBE}.Release|x64.ActiveCfg = Release|x64
		{4514685F-75EF-47C1-95B1-7A77A45CACBE}.Release|x64.Build.0 = Release|x64
	EndGlobalSection
	GlobalSection(SolutionProperties) = preSolution
		HideSolutionNode = FALSE
	EndGlobalSection
EndGlobal
