
Microsoft Visual Studio Solution File, Format Version 11.00
# Visual Studio 2010
Project("{51E447A0-7733-42CB-ACBC-5C84C19A5A9F}") = "ps2000con", "ps2000con.vcxproj", "{8C7D92D3-9E5B-42E5-AB3A-6B9C1181E793}"
EndProject
Global
	GlobalSection(SolutionConfigurationPlatforms) = preSolution
		Debug|Win32 = Debug|Win32
		Debug|x64 = Debug|x64
		Release|Win32 = Release|Win32
		Release|x64 = Release|x64
	EndGlobalSection
	GlobalSection(ProjectConfigurationPlatforms) = postSolution
		{8C7D92D3-9E5B-42E5-AB3A-6B9C1181E793}.Debug|Win32.ActiveCfg = Debug|Win32
		{8C7D92D3-9E5B-42E5-AB3A-6B9C1181E793}.Debug|Win32.Build.0 = Debug|Win32
		{8C7D92D3-9E5B-42E5-AB3A-6B9C1181E793}.Debug|x64.ActiveCfg = Debug|x64
		{8C7D92D3-9E5B-42E5-AB3A-6B9C1181E793}.Debug|x64.Build.0 = Debug|x64
		{8C7D92D3-9E5B-42E5-AB3A-6B9C1181E793}.Release|Win32.ActiveCfg = Release|Win32
		{8C7D92D3-9E5B-42E5-AB3A-6B9C1181E793}.Release|Win32.Build.0 = Release|Win32
		{8C7D92D3-9E5B-42E5-AB3A-6B9C1181E793}.Release|x64.ActiveCfg = Release|x64
		{8C7D92D3-9E5B-42E5-AB3A-6B9C1181E793}.Release|x64.Build.0 = Release|x64
	EndGlobalSection
	GlobalSection(SolutionProperties) = preSolution
		HideSolutionNode = FALSE
	EndGlobalSection
EndGlobal
