
Microsoft Visual Studio Solution File, Format Version 11.00
# Visual Studio 2010
Project("{C32697F0-200F-415B-A58B-417432AD6299}") = "ps3000con", "ps3000con.vcxproj", "{9785C4B5-40F2-4826-B4D3-2E5087ECA36F}"
EndProject
Global
	GlobalSection(SolutionConfigurationPlatforms) = preSolution
		Debug|Win32 = Debug|Win32
		Debug|x64 = Debug|x64
		Release|Win32 = Release|Win32
		Release|x64 = Release|x64
	EndGlobalSection
	GlobalSection(ProjectConfigurationPlatforms) = postSolution
		{9785C4B5-40F2-4826-B4D3-2E5087ECA36F}.Debug|Win32.ActiveCfg = Debug|Win32
		{9785C4B5-40F2-4826-B4D3-2E5087ECA36F}.Debug|Win32.Build.0 = Debug|Win32
		{9785C4B5-40F2-4826-B4D3-2E5087ECA36F}.Debug|x64.ActiveCfg = Debug|x64
		{9785C4B5-40F2-4826-B4D3-2E5087ECA36F}.Debug|x64.Build.0 = Debug|x64
		{9785C4B5-40F2-4826-B4D3-2E5087ECA36F}.Release|Win32.ActiveCfg = Release|Win32
		{9785C4B5-40F2-4826-B4D3-2E5087ECA36F}.Release|Win32.Build.0 = Release|Win32
		{9785C4B5-40F2-4826-B4D3-2E5087ECA36F}.Release|x64.ActiveCfg = Release|x64
		{9785C4B5-40F2-4826-B4D3-2E5087ECA36F}.Release|x64.Build.0 = Release|x64
	EndGlobalSection
	GlobalSection(SolutionProperties) = preSolution
		HideSolutionNode = FALSE
	EndGlobalSection
EndGlobal
