
Microsoft Visual Studio Solution File, Format Version 11.00
# Visual Studio 2010
Project("{8DF347C3-2DC1-4DA1-89F5-FA9DF745A20B}") = "hrdlcon", "hrdlcon.vcxproj", "{CCB45F67-1892-4D30-9A30-462F7A8E517B}"
EndProject
Global
	GlobalSection(SolutionConfigurationPlatforms) = preSolution
		Debug|Win32 = Debug|Win32
		Debug|x64 = Debug|x64
		Release|Win32 = Release|Win32
		Release|x64 = Release|x64
	EndGlobalSection
	GlobalSection(ProjectConfigurationPlatforms) = postSolution
		{CCB45F67-1892-4D30-9A30-462F7A8E517B}.Debug|Win32.ActiveCfg = Debug|Win32
		{CCB45F67-1892-4D30-9A30-462F7A8E517B}.Debug|Win32.Build.0 = Debug|Win32
		{CCB45F67-1892-4D30-9A30-462F7A8E517B}.Debug|x64.ActiveCfg = Debug|x64
		{CCB45F67-1892-4D30-9A30-462F7A8E517B}.Debug|x64.Build.0 = Debug|x64
		{CCB45F67-1892-4D30-9A30-462F7A8E517B}.Release|Win32.ActiveCfg = Release|Win32
		{CCB45F67-1892-4D30-9A30-462F7A8E517B}.Release|Win32.Build.0 = Release|Win32
		{CCB45F67-1892-4D30-9A30-462F7A8E517B}.Release|x64.ActiveCfg = Release|x64
		{CCB45F67-1892-4D30-9A30-462F7A8E517B}.Release|x64.Build.0 = Release|x64
	EndGlobalSection
	GlobalSection(SolutionProperties) = preSolution
		HideSolutionNode = FALSE
	EndGlobalSection
EndGlobal
